
Microsoft Visual Studio Solution File, Format Version 12.00
# Visual Studio Version 17
VisualStudioVersion = 17.8.34511.84
MinimumVisualStudioVersion = 10.0.40219.1
Project("{FAE04EC0-301F-11D3-BF4B-00C04F79EFBC}") = "RemoteControl", "RemoteControl.csproj", "{A667F6DE-AF2B-4298-9C8F-1D5BE1B3C144}"
EndProject
Global
	GlobalSection(SolutionConfigurationPlatforms) = preSolution
		Debug|Any CPU = Debug|Any CPU
		Release|Any CPU = Release|Any CPU
	EndGlobalSection
	GlobalSection(ProjectConfigurationPlatforms) = postSolution
		{A667F6DE-AF2B-4298-9C8F-1D5BE1B3C144}.Debug|Any CPU.ActiveCfg = Debug|Any CPU
		{A667F6DE-AF2B-4298-9C8F-1D5BE1B3C144}.Debug|Any CPU.Build.0 = Debug|Any CPU
		{A667F6DE-AF2B-4298-9C8F-1D5BE1B3C144}.Release|Any CPU.ActiveCfg = Release|Any CPU
		{A667F6DE-AF2B-4298-9C8F-1D5BE1B3C144}.Release|Any CPU.Build.0 = Release|Any CPU
	EndGlobalSection
	GlobalSection(SolutionProperties) = preSolution
		HideSolutionNode = FALSE
	EndGlobalSection
	GlobalSection(ExtensibilityGlobals) = postSolution
		SolutionGuid = {54E858E6-1684-4438-98C3-7DD90AFBCB3E}
	EndGlobalSection
EndGlobal
