
Microsoft Visual Studio Solution File, Format Version 12.00
# Visual Studio Version 17
VisualStudioVersion = 17.8.34511.84
MinimumVisualStudioVersion = 10.0.40219.1
Project("{9A19103F-16F7-4668-BE54-9A1E7A4F7556}") = "HelloWorld", "HelloWorld\HelloWorld.csproj", "{DF3F892F-9A0C-4535-8B87-6014B85F3641}"
EndProject
Project("{FAE04EC0-301F-11D3-BF4B-00C04F79EFBC}") = "HelloWorldTests", "..\HelloWorldTests\HelloWorldTests.csproj", "{21017A03-6A62-4471-9FCF-A5D32CC976BB}"
EndProject
Global
	GlobalSection(SolutionConfigurationPlatforms) = preSolution
		Debug|Any CPU = Debug|Any CPU
		Release|Any CPU = Release|Any CPU
	EndGlobalSection
	GlobalSection(ProjectConfigurationPlatforms) = postSolution
		{DF3F892F-9A0C-4535-8B87-6014B85F3641}.Debug|Any CPU.ActiveCfg = Debug|Any CPU
		{DF3F892F-9A0C-4535-8B87-6014B85F3641}.Debug|Any CPU.Build.0 = Debug|Any CPU
		{DF3F892F-9A0C-4535-8B87-6014B85F3641}.Release|Any CPU.ActiveCfg = Release|Any CPU
		{DF3F892F-9A0C-4535-8B87-6014B85F3641}.Release|Any CPU.Build.0 = Release|Any CPU
		{21017A03-6A62-4471-9FCF-A5D32CC976BB}.Debug|Any CPU.ActiveCfg = Debug|Any CPU
		{21017A03-6A62-4471-9FCF-A5D32CC976BB}.Debug|Any CPU.Build.0 = Debug|Any CPU
		{21017A03-6A62-4471-9FCF-A5D32CC976BB}.Release|Any CPU.ActiveCfg = Release|Any CPU
		{21017A03-6A62-4471-9FCF-A5D32CC976BB}.Release|Any CPU.Build.0 = Release|Any CPU
	EndGlobalSection
	GlobalSection(SolutionProperties) = preSolution
		HideSolutionNode = FALSE
	EndGlobalSection
	GlobalSection(ExtensibilityGlobals) = postSolution
		SolutionGuid = {2233167F-CE6D-4F2E-9F08-B479F9E88772}
	EndGlobalSection
EndGlobal
