
Microsoft Visual Studio Solution File, Format Version 12.00
# Visual Studio Version 17
VisualStudioVersion = 17.8.34511.84
MinimumVisualStudioVersion = 10.0.40219.1
Project("{FAE04EC0-301F-11D3-BF4B-00C04F79EFBC}") = "ExpressionTree", "ExpressionTree.csproj", "{3DA9B393-05D1-4444-A986-2A674C1415B5}"
EndProject
Project("{FAE04EC0-301F-11D3-BF4B-00C04F79EFBC}") = "TestExpressionTree", "..\TestExpressionTree\TestExpressionTree.csproj", "{359DFAE9-4A9E-4D7B-B34A-59A72C3E12B1}"
EndProject
Global
	GlobalSection(SolutionConfigurationPlatforms) = preSolution
		Debug|Any CPU = Debug|Any CPU
		Release|Any CPU = Release|Any CPU
	EndGlobalSection
	GlobalSection(ProjectConfigurationPlatforms) = postSolution
		{3DA9B393-05D1-4444-A986-2A674C1415B5}.Debug|Any CPU.ActiveCfg = Debug|Any CPU
		{3DA9B393-05D1-4444-A986-2A674C1415B5}.Debug|Any CPU.Build.0 = Debug|Any CPU
		{3DA9B393-05D1-4444-A986-2A674C1415B5}.Release|Any CPU.ActiveCfg = Release|Any CPU
		{3DA9B393-05D1-4444-A986-2A674C1415B5}.Release|Any CPU.Build.0 = Release|Any CPU
		{359DFAE9-4A9E-4D7B-B34A-59A72C3E12B1}.Debug|Any CPU.ActiveCfg = Debug|Any CPU
		{359DFAE9-4A9E-4D7B-B34A-59A72C3E12B1}.Debug|Any CPU.Build.0 = Debug|Any CPU
		{359DFAE9-4A9E-4D7B-B34A-59A72C3E12B1}.Release|Any CPU.ActiveCfg = Release|Any CPU
		{359DFAE9-4A9E-4D7B-B34A-59A72C3E12B1}.Release|Any CPU.Build.0 = Release|Any CPU
	EndGlobalSection
	GlobalSection(SolutionProperties) = preSolution
		HideSolutionNode = FALSE
	EndGlobalSection
	GlobalSection(ExtensibilityGlobals) = postSolution
		SolutionGuid = {B2988C42-AD76-4410-A61E-75BD52F3B984}
	EndGlobalSection
EndGlobal
